
Microsoft Visual Studio Solution File, Format Version 12.00
# Visual Studio Version 16
VisualStudioVersion = 16.0.29424.173
MinimumVisualStudioVersion = 10.0.40219.1
Project("{FAE04EC0-301F-11D3-BF4B-00C04F79EFBC}") = "Geta.oEmbed", "Geta.oEmbed\Geta.oEmbed.csproj", "{5504A754-FAEA-46FE-8B45-225D2835252F}"
EndProject
Project("{FAE04EC0-301F-11D3-BF4B-00C04F79EFBC}") = "Geta.oEmbed.Sample", "samples\Geta.oEmbed.Sample\Geta.oEmbed.Sample.csproj", "{FF5B4544-A2D6-46CE-AEE0-82BA40AEA64C}"
EndProject
Project("{E53339B2-1760-4266-BCC7-CA923CBCF16C}") = "docker-compose", "samples\Geta.oEmbed.Sample\docker-compose.dcproj", "{D842D1D1-8538-49BE-AADE-A391DF29BFFC}"
EndProject
Global
	GlobalSection(SolutionConfigurationPlatforms) = preSolution
		Debug|Any CPU = Debug|Any CPU
		Release|Any CPU = Release|Any CPU
	EndGlobalSection
	GlobalSection(ProjectConfigurationPlatforms) = postSolution
		{5504A754-FAEA-46FE-8B45-225D2835252F}.Debug|Any CPU.ActiveCfg = Debug|Any CPU
		{5504A754-FAEA-46FE-8B45-225D2835252F}.Debug|Any CPU.Build.0 = Debug|Any CPU
		{5504A754-FAEA-46FE-8B45-225D2835252F}.Release|Any CPU.ActiveCfg = Release|Any CPU
		{5504A754-FAEA-46FE-8B45-225D2835252F}.Release|Any CPU.Build.0 = Release|Any CPU
		{FF5B4544-A2D6-46CE-AEE0-82BA40AEA64C}.Debug|Any CPU.ActiveCfg = Debug|Any CPU
		{FF5B4544-A2D6-46CE-AEE0-82BA40AEA64C}.Debug|Any CPU.Build.0 = Debug|Any CPU
		{FF5B4544-A2D6-46CE-AEE0-82BA40AEA64C}.Release|Any CPU.ActiveCfg = Release|Any CPU
		{FF5B4544-A2D6-46CE-AEE0-82BA40AEA64C}.Release|Any CPU.Build.0 = Release|Any CPU
		{D842D1D1-8538-49BE-AADE-A391DF29BFFC}.Debug|Any CPU.ActiveCfg = Debug|Any CPU
		{D842D1D1-8538-49BE-AADE-A391DF29BFFC}.Debug|Any CPU.Build.0 = Debug|Any CPU
		{D842D1D1-8538-49BE-AADE-A391DF29BFFC}.Release|Any CPU.ActiveCfg = Release|Any CPU
		{D842D1D1-8538-49BE-AADE-A391DF29BFFC}.Release|Any CPU.Build.0 = Release|Any CPU
	EndGlobalSection
	GlobalSection(SolutionProperties) = preSolution
		HideSolutionNode = FALSE
	EndGlobalSection
	GlobalSection(ExtensibilityGlobals) = postSolution
		SolutionGuid = {E002A24F-185A-418B-9AF2-8C975ECB3C09}
	EndGlobalSection
EndGlobal
